github.com/mr-tron/base58 v1.2.0 h1:T/HDJBh4ZCPbU39/+c3rRvE0uKBQlU27+QI8LJ4t64o=
github.com/mr-tron/base58 v1.2.0/go.mod h1:BinMc/sQntlIE1frQmRFPUoPA1Zkr8VRgBdjWI2mNwc=
github.com/vlmoon99/jsonparser v0.0.1 h1:vfPID9QY/s9bVsYQ7Sl6EDvPTXIEcGVVpVpnbA2cg8s=
github.com/vlmoon99/jsonparser v0.0.1/go.mod h1:GjBpBdc+tq4LSwtfjSIIO/3qLjCTRORUyZMyI3s8VNY=
github.com/vlmoon99/near-sdk-go v0.0.13 h1:akgN+zQNel8OKFQjgcuDpALm0t2DLVZJwjejdZTswKg=
github.com/vlmoon99/near-sdk-go v0.0.13/go.mod h1:dD92wg0aRnx1A249xyIBeLsd22RZjKW10uyR923efus=
golang.org/x/net v0.42.0 h1:jzkYrhi3YQWD6MLBJcsklgQsoAcw89EcZbJw8Z614hs=
golang.org/x/net v0.42.0/go.mod h1:FF1RA5d3u7nAYA4z2TkclSCKh68eSXtiFwcWQpPXdt8=
golang.org/x/text v0.27.0 h1:4fGWRpyh641NLlecmyl4LOe6yDdfaYNrGb2zdfo4JV4=
golang.org/x/text v0.27.0/go.mod h1:1D28KMCvyooCX9hBiosv5Tz/+YLxj0j7XhWjpSUF7CU=
